
Microsoft Visual Studio Solution File, Format Version 12.00
# Visual Studio Version 17
VisualStudioVersion = 17.7.34031.279
MinimumVisualStudioVersion = 10.0.40219.1
Project("{9A19103F-16F7-4668-BE54-9A1E7A4F7556}") = "CakeBuild", "CakeBuild\CakeBuild.csproj", "{618FA918-384F-458E-AF0A-80084B099101}"
EndProject
Project("{9A19103F-16F7-4668-BE54-9A1E7A4F7556}") = "configlib", "configlib\configlib.csproj", "{F53FD0AF-2213-444E-9852-A14B56A1B077}"
EndProject
Global
	GlobalSection(SolutionConfigurationPlatforms) = preSolution
		Debug|Any CPU = Debug|Any CPU
		Release|Any CPU = Release|Any CPU
	EndGlobalSection
	GlobalSection(ProjectConfigurationPlatforms) = postSolution
		{618FA918-384F-458E-AF0A-80084B099101}.Debug|Any CPU.ActiveCfg = Debug|Any CPU
		{618FA918-384F-458E-AF0A-80084B099101}.Debug|Any CPU.Build.0 = Debug|Any CPU
		{618FA918-384F-458E-AF0A-80084B099101}.Release|Any CPU.ActiveCfg = Release|Any CPU
		{618FA918-384F-458E-AF0A-80084B099101}.Release|Any CPU.Build.0 = Release|Any CPU
		{F53FD0AF-2213-444E-9852-A14B56A1B077}.Debug|Any CPU.ActiveCfg = Debug|Any CPU
		{F53FD0AF-2213-444E-9852-A14B56A1B077}.Debug|Any CPU.Build.0 = Debug|Any CPU
		{F53FD0AF-2213-444E-9852-A14B56A1B077}.Release|Any CPU.ActiveCfg = Release|Any CPU
		{F53FD0AF-2213-444E-9852-A14B56A1B077}.Release|Any CPU.Build.0 = Release|Any CPU
	EndGlobalSection
	GlobalSection(SolutionProperties) = preSolution
		HideSolutionNode = FALSE
	EndGlobalSection
	GlobalSection(ExtensibilityGlobals) = postSolution
		SolutionGuid = {6490972E-FC42-4C03-B6FC-217EAAE1BA11}
	EndGlobalSection
EndGlobal
